
Microsoft Visual Studio Solution File, Format Version 12.00
# Visual Studio Version 16
VisualStudioVersion = 16.0.31605.320
MinimumVisualStudioVersion = 10.0.40219.1
Project("{FAE04EC0-301F-11D3-BF4B-00C04F79EFBC}") = "BruListing.Web", "BruListing.Web\BruListing.Web.csproj", "{3B42DB0E-EC44-4E53-8140-BFA0806FED4C}"
EndProject
Project("{FAE04EC0-301F-11D3-BF4B-00C04F79EFBC}") = "BruListing.Core", "BruListing.Core\BruListing.Core.csproj", "{7EBF04F6-3892-4BBF-811B-4DBE1B1093EE}"
EndProject
Project("{FAE04EC0-301F-11D3-BF4B-00C04F79EFBC}") = "BruListing.Infrastructure", "BruListing.Infrastructure\BruListing.Infrastructure.csproj", "{B64E222E-B7B8-4841-9C7D-6F3B2813705B}"
EndProject
Global
	GlobalSection(SolutionConfigurationPlatforms) = preSolution
		Debug|Any CPU = Debug|Any CPU
		Release|Any CPU = Release|Any CPU
	EndGlobalSection
	GlobalSection(ProjectConfigurationPlatforms) = postSolution
		{3B42DB0E-EC44-4E53-8140-BFA0806FED4C}.Debug|Any CPU.ActiveCfg = Debug|Any CPU
		{3B42DB0E-EC44-4E53-8140-BFA0806FED4C}.Debug|Any CPU.Build.0 = Debug|Any CPU
		{3B42DB0E-EC44-4E53-8140-BFA0806FED4C}.Release|Any CPU.ActiveCfg = Release|Any CPU
		{3B42DB0E-EC44-4E53-8140-BFA0806FED4C}.Release|Any CPU.Build.0 = Release|Any CPU
		{7EBF04F6-3892-4BBF-811B-4DBE1B1093EE}.Debug|Any CPU.ActiveCfg = Debug|Any CPU
		{7EBF04F6-3892-4BBF-811B-4DBE1B1093EE}.Debug|Any CPU.Build.0 = Debug|Any CPU
		{7EBF04F6-3892-4BBF-811B-4DBE1B1093EE}.Release|Any CPU.ActiveCfg = Release|Any CPU
		{7EBF04F6-3892-4BBF-811B-4DBE1B1093EE}.Release|Any CPU.Build.0 = Release|Any CPU
		{B64E222E-B7B8-4841-9C7D-6F3B2813705B}.Debug|Any CPU.ActiveCfg = Debug|Any CPU
		{B64E222E-B7B8-4841-9C7D-6F3B2813705B}.Debug|Any CPU.Build.0 = Debug|Any CPU
		{B64E222E-B7B8-4841-9C7D-6F3B2813705B}.Release|Any CPU.ActiveCfg = Release|Any CPU
		{B64E222E-B7B8-4841-9C7D-6F3B2813705B}.Release|Any CPU.Build.0 = Release|Any CPU
	EndGlobalSection
	GlobalSection(SolutionProperties) = preSolution
		HideSolutionNode = FALSE
	EndGlobalSection
	GlobalSection(ExtensibilityGlobals) = postSolution
		SolutionGuid = {CC697BD3-1745-49BB-A42E-E5E1C9F2B84B}
	EndGlobalSection
EndGlobal
